
Microsoft Visual Studio Solution File, Format Version 12.00
# Visual Studio Version 17
VisualStudioVersion = 17.0.32126.317
MinimumVisualStudioVersion = 10.0.40219.1
Project("{FAE04EC0-301F-11D3-BF4B-00C04F79EFBC}") = "Tamrin05Part02", "Tamrin05Part02\Tamrin05Part02.csproj", "{C7AE3D78-C7F8-4411-8B46-489825F9255A}"
EndProject
Global
	GlobalSection(SolutionConfigurationPlatforms) = preSolution
		Debug|Any CPU = Debug|Any CPU
		Release|Any CPU = Release|Any CPU
	EndGlobalSection
	GlobalSection(ProjectConfigurationPlatforms) = postSolution
		{C7AE3D78-C7F8-4411-8B46-489825F9255A}.Debug|Any CPU.ActiveCfg = Debug|Any CPU
		{C7AE3D78-C7F8-4411-8B46-489825F9255A}.Debug|Any CPU.Build.0 = Debug|Any CPU
		{C7AE3D78-C7F8-4411-8B46-489825F9255A}.Release|Any CPU.ActiveCfg = Release|Any CPU
		{C7AE3D78-C7F8-4411-8B46-489825F9255A}.Release|Any CPU.Build.0 = Release|Any CPU
	EndGlobalSection
	GlobalSection(SolutionProperties) = preSolution
		HideSolutionNode = FALSE
	EndGlobalSection
	GlobalSection(ExtensibilityGlobals) = postSolution
		SolutionGuid = {3EAAB683-20F0-429A-AF4C-8E994CBBACAE}
	EndGlobalSection
EndGlobal
